
Microsoft Visual Studio Solution File, Format Version 12.00
# Visual Studio 15
Project("{FAE04EC0-301F-11D3-BF4B-00C04F79EFBC}") = "Assembly-CSharp-firstpass", "Assembly-CSharp-firstpass.csproj", "{E1C23A18-B515-3BD7-CBF0-B34444837F9A}"
EndProject
Project("{FAE04EC0-301F-11D3-BF4B-00C04F79EFBC}") = "Assembly-CSharp", "Assembly-CSharp.csproj", "{D5E57E3B-3C1D-3E1F-4D3B-35987B9ADF72}"
EndProject
Global
	GlobalSection(SolutionConfigurationPlatforms) = preSolution
		Debug|Any CPU = Debug|Any CPU
		Release|Any CPU = Release|Any CPU
	EndGlobalSection
	GlobalSection(ProjectConfigurationPlatforms) = postSolution
		{E1C23A18-B515-3BD7-CBF0-B34444837F9A}.Debug|Any CPU.ActiveCfg = Debug|Any CPU
		{E1C23A18-B515-3BD7-CBF0-B34444837F9A}.Debug|Any CPU.Build.0 = Debug|Any CPU
		{E1C23A18-B515-3BD7-CBF0-B34444837F9A}.Release|Any CPU.ActiveCfg = Release|Any CPU
		{E1C23A18-B515-3BD7-CBF0-B34444837F9A}.Release|Any CPU.Build.0 = Release|Any CPU
		{D5E57E3B-3C1D-3E1F-4D3B-35987B9ADF72}.Debug|Any CPU.ActiveCfg = Debug|Any CPU
		{D5E57E3B-3C1D-3E1F-4D3B-35987B9ADF72}.Debug|Any CPU.Build.0 = Debug|Any CPU
		{D5E57E3B-3C1D-3E1F-4D3B-35987B9ADF72}.Release|Any CPU.ActiveCfg = Release|Any CPU
		{D5E57E3B-3C1D-3E1F-4D3B-35987B9ADF72}.Release|Any CPU.Build.0 = Release|Any CPU
	EndGlobalSection
	GlobalSection(SolutionProperties) = preSolution
		HideSolutionNode = FALSE
	EndGlobalSection
EndGlobal
